
Microsoft Visual Studio Solution File, Format Version 12.00
# Visual Studio Version 17
VisualStudioVersion = 17.0.32014.148
MinimumVisualStudioVersion = 10.0.40219.1
Project("{FAE04EC0-301F-11D3-BF4B-00C04F79EFBC}") = "CourseLibrary.API", "CourseLibrary.API\CourseLibrary.API.csproj", "{146B659B-AD41-4F40-B50A-67177DBDD94F}"
EndProject
Global
	GlobalSection(SolutionConfigurationPlatforms) = preSolution
		Debug|Any CPU = Debug|Any CPU
		Release|Any CPU = Release|Any CPU
	EndGlobalSection
	GlobalSection(ProjectConfigurationPlatforms) = postSolution
		{146B659B-AD41-4F40-B50A-67177DBDD94F}.Debug|Any CPU.ActiveCfg = Debug|Any CPU
		{146B659B-AD41-4F40-B50A-67177DBDD94F}.Debug|Any CPU.Build.0 = Debug|Any CPU
		{146B659B-AD41-4F40-B50A-67177DBDD94F}.Release|Any CPU.ActiveCfg = Release|Any CPU
		{146B659B-AD41-4F40-B50A-67177DBDD94F}.Release|Any CPU.Build.0 = Release|Any CPU
	EndGlobalSection
	GlobalSection(SolutionProperties) = preSolution
		HideSolutionNode = FALSE
	EndGlobalSection
	GlobalSection(ExtensibilityGlobals) = postSolution
		SolutionGuid = {6ABB7EAA-0B7A-4845-B225-A27DADBB1323}
	EndGlobalSection
EndGlobal
